
Microsoft Visual Studio Solution File, Format Version 12.00
# Visual Studio Version 17
VisualStudioVersion = 17.5.002.0
MinimumVisualStudioVersion = 10.0.40219.1
Project("{9A19103F-16F7-4668-BE54-9A1E7A4F7556}") = "ExpenseTracker", "backend\ExpenseTracker.csproj", "{C2D0EAA7-2A71-41FE-B0BE-D9AC6343E0AB}"
EndProject
Global
	GlobalSection(SolutionConfigurationPlatforms) = preSolution
		Debug|Any CPU = Debug|Any CPU
		Release|Any CPU = Release|Any CPU
	EndGlobalSection
	GlobalSection(ProjectConfigurationPlatforms) = postSolution
		{C2D0EAA7-2A71-41FE-B0BE-D9AC6343E0AB}.Debug|Any CPU.ActiveCfg = Debug|Any CPU
		{C2D0EAA7-2A71-41FE-B0BE-D9AC6343E0AB}.Debug|Any CPU.Build.0 = Debug|Any CPU
		{C2D0EAA7-2A71-41FE-B0BE-D9AC6343E0AB}.Release|Any CPU.ActiveCfg = Release|Any CPU
		{C2D0EAA7-2A71-41FE-B0BE-D9AC6343E0AB}.Release|Any CPU.Build.0 = Release|Any CPU
	EndGlobalSection
	GlobalSection(SolutionProperties) = preSolution
		HideSolutionNode = FALSE
	EndGlobalSection
	GlobalSection(ExtensibilityGlobals) = postSolution
		SolutionGuid = {556FD2BD-8842-4590-A4A2-99053E8BDE11}
	EndGlobalSection
EndGlobal
